
Microsoft Visual Studio Solution File, Format Version 12.00
# Visual Studio Version 17
VisualStudioVersion = 17.6.33829.357
MinimumVisualStudioVersion = 10.0.40219.1
Project("{9A19103F-16F7-4668-BE54-9A1E7A4F7556}") = "AdmFagil", "AdmFagil\AdmFagil.csproj", "{23FD9450-F073-449B-AC11-02B9B09C4102}"
EndProject
Global
	GlobalSection(SolutionConfigurationPlatforms) = preSolution
		Debug|Any CPU = Debug|Any CPU
		Release|Any CPU = Release|Any CPU
	EndGlobalSection
	GlobalSection(ProjectConfigurationPlatforms) = postSolution
		{23FD9450-F073-449B-AC11-02B9B09C4102}.Debug|Any CPU.ActiveCfg = Debug|Any CPU
		{23FD9450-F073-449B-AC11-02B9B09C4102}.Debug|Any CPU.Build.0 = Debug|Any CPU
		{23FD9450-F073-449B-AC11-02B9B09C4102}.Release|Any CPU.ActiveCfg = Release|Any CPU
		{23FD9450-F073-449B-AC11-02B9B09C4102}.Release|Any CPU.Build.0 = Release|Any CPU
	EndGlobalSection
	GlobalSection(SolutionProperties) = preSolution
		HideSolutionNode = FALSE
	EndGlobalSection
	GlobalSection(ExtensibilityGlobals) = postSolution
		SolutionGuid = {3AE3869E-C2AD-4FEA-9E42-EF8BAC35E2E9}
	EndGlobalSection
EndGlobal
